Microsoft Visual Studio Solution File, Format Version 12.00
# Visual Studio 15
VisualStudioVersion = 15.0.27130.2036
MinimumVisualStudioVersion = 10.0.40219.1
Project("{9A19103F-16F7-4668-BE54-9A1E7A4F7556}") = "DayPrinter", "DayPrinter\DayPrinter.csproj", "{B3E76AAA-3BE8-49C7-A831-64EF68C6F28D}"
EndProject
Project("{9A19103F-16F7-4668-BE54-9A1E7A4F7556}") = "ElseIf", "ElseIf\ElseIf.csproj", "{C7008ACC-EE4B-49CC-B7FB-5F9F95E257A9}"
EndProject
Project("{9A19103F-16F7-4668-BE54-9A1E7A4F7556}") = "TempConv", "TempConv\TempConv.csproj", "{6D18F93D-E26F-4FF4-ABF2-1450FD9FB19D}"
EndProject
Project("{9A19103F-16F7-4668-BE54-9A1E7A4F7556}") = "HelloMethods", "HelloMethods\HelloMethods.csproj", "{9B69E0D2-FBD5-4FB4-9D40-768AE4F57300}"
EndProject
Project("{9A19103F-16F7-4668-BE54-9A1E7A4F7556}") = "Gradebook", "Gradebook\Gradebook.csproj", "{9E08496B-2501-4CBF-844F-8FD7BA97F4E6}"
EndProject
Project("{9A19103F-16F7-4668-BE54-9A1E7A4F7556}") = "GradebookDict", "GradebookDict\GradebookDict.csproj", "{EFCB1B91-2E92-478F-BFF7-013FF6911DCC}"
EndProject
Project("{9A19103F-16F7-4668-BE54-9A1E7A4F7556}") = "GradebookArray", "GradebookArray\GradebookArray.csproj", "{89051A0E-8D18-48C3-B4E6-D05F62D252CE}"
EndProject
Project("{9A19103F-16F7-4668-BE54-9A1E7A4F7556}") = "HelloWorld", "HelloWorld\HelloWorld.csproj", "{CCB76650-F01E-493C-84CE-117BD69E9ACC}"
EndProject
Project("{9A19103F-16F7-4668-BE54-9A1E7A4F7556}") = "InputOutput", "InputOutput\InputOutput.csproj", "{FD0D26E0-FB21-44CA-9629-1BFDC856BD90}"
EndProject
Project("{9A19103F-16F7-4668-BE54-9A1E7A4F7556}") = "NumericTypes", "NumericTypes\NumericTypes.csproj", "{997138CC-0C61-4D7D-A4DA-A1054AD0341B}"
EndProject
Project("{9A19103F-16F7-4668-BE54-9A1E7A4F7556}") = "MilesPerGallon", "MilesPerGallon\MilesPerGallon.csproj", "{39EB2E40-3B05-40CF-8F33-B45B967E6F7D}"
EndProject
Project("{9A19103F-16F7-4668-BE54-9A1E7A4F7556}") = "SearchString", "SearchString\SearchString.csproj", "{479100A6-438D-4EAC-B833-CC7E6AF20ACF}"
EndProject
Project("{9A19103F-16F7-4668-BE54-9A1E7A4F7556}") = "Area", "Area\Area.csproj", "{3B9F7119-CF49-444B-990D-E25C0D3FCD7F}"
EndProject
Project("{9A19103F-16F7-4668-BE54-9A1E7A4F7556}") = "WorkingWithStrings", "WorkingWithStrings\WorkingWithStrings.csproj", "{7BFFCF0E-28C9-4F7B-B020-A71A9193DA2A}"
EndProject
Project("{9A19103F-16F7-4668-BE54-9A1E7A4F7556}") = "Sum", "Sum\Sum.csproj", "{438B65A3-9203-4C28-A907-C690D6193D6E}"
EndProject
Project("{9A19103F-16F7-4668-BE54-9A1E7A4F7556}") = "HelloMVC", "HelloMVC\HelloMVC\HelloMVC.csproj", "{07E2B454-265A-4C0D-9251-A51C5A65E104}"
EndProject
Global
	GlobalSection(SolutionConfigurationPlatforms) = preSolution
		Debug|Any CPU = Debug|Any CPU
		Release|Any CPU = Release|Any CPU
	EndGlobalSection
	GlobalSection(ProjectConfigurationPlatforms) = postSolution
		{B3E76AAA-3BE8-49C7-A831-64EF68C6F28D}.Debug|Any CPU.ActiveCfg = Debug|Any CPU
		{B3E76AAA-3BE8-49C7-A831-64EF68C6F28D}.Debug|Any CPU.Build.0 = Debug|Any CPU
		{B3E76AAA-3BE8-49C7-A831-64EF68C6F28D}.Release|Any CPU.ActiveCfg = Release|Any CPU
		{B3E76AAA-3BE8-49C7-A831-64EF68C6F28D}.Release|Any CPU.Build.0 = Release|Any CPU
		{C7008ACC-EE4B-49CC-B7FB-5F9F95E257A9}.Debug|Any CPU.ActiveCfg = Debug|Any CPU
		{C7008ACC-EE4B-49CC-B7FB-5F9F95E257A9}.Debug|Any CPU.Build.0 = Debug|Any CPU
		{C7008ACC-EE4B-49CC-B7FB-5F9F95E257A9}.Release|Any CPU.ActiveCfg = Release|Any CPU
		{C7008ACC-EE4B-49CC-B7FB-5F9F95E257A9}.Release|Any CPU.Build.0 = Release|Any CPU
		{6D18F93D-E26F-4FF4-ABF2-1450FD9FB19D}.Debug|Any CPU.ActiveCfg = Debug|Any CPU
		{6D18F93D-E26F-4FF4-ABF2-1450FD9FB19D}.Debug|Any CPU.Build.0 = Debug|Any CPU
		{6D18F93D-E26F-4FF4-ABF2-1450FD9FB19D}.Release|Any CPU.ActiveCfg = Release|Any CPU
		{6D18F93D-E26F-4FF4-ABF2-1450FD9FB19D}.Release|Any CPU.Build.0 = Release|Any CPU
		{9B69E0D2-FBD5-4FB4-9D40-768AE4F57300}.Debug|Any CPU.ActiveCfg = Debug|Any CPU
		{9B69E0D2-FBD5-4FB4-9D40-768AE4F57300}.Debug|Any CPU.Build.0 = Debug|Any CPU
		{9B69E0D2-FBD5-4FB4-9D40-768AE4F57300}.Release|Any CPU.ActiveCfg = Release|Any CPU
		{9B69E0D2-FBD5-4FB4-9D40-768AE4F57300}.Release|Any CPU.Build.0 = Release|Any CPU
		{9E08496B-2501-4CBF-844F-8FD7BA97F4E6}.Debug|Any CPU.ActiveCfg = Debug|Any CPU
		{9E08496B-2501-4CBF-844F-8FD7BA97F4E6}.Debug|Any CPU.Build.0 = Debug|Any CPU
		{9E08496B-2501-4CBF-844F-8FD7BA97F4E6}.Release|Any CPU.ActiveCfg = Release|Any CPU
		{9E08496B-2501-4CBF-844F-8FD7BA97F4E6}.Release|Any CPU.Build.0 = Release|Any CPU
		{EFCB1B91-2E92-478F-BFF7-013FF6911DCC}.Debug|Any CPU.ActiveCfg = Debug|Any CPU
		{EFCB1B91-2E92-478F-BFF7-013FF6911DCC}.Debug|Any CPU.Build.0 = Debug|Any CPU
		{EFCB1B91-2E92-478F-BFF7-013FF6911DCC}.Release|Any CPU.ActiveCfg = Release|Any CPU
		{EFCB1B91-2E92-478F-BFF7-013FF6911DCC}.Release|Any CPU.Build.0 = Release|Any CPU
		{89051A0E-8D18-48C3-B4E6-D05F62D252CE}.Debug|Any CPU.ActiveCfg = Debug|Any CPU
		{89051A0E-8D18-48C3-B4E6-D05F62D252CE}.Debug|Any CPU.Build.0 = Debug|Any CPU
		{89051A0E-8D18-48C3-B4E6-D05F62D252CE}.Release|Any CPU.ActiveCfg = Release|Any CPU
		{89051A0E-8D18-48C3-B4E6-D05F62D252CE}.Release|Any CPU.Build.0 = Release|Any CPU
		{CCB76650-F01E-493C-84CE-117BD69E9ACC}.Debug|Any CPU.ActiveCfg = Debug|Any CPU
		{CCB76650-F01E-493C-84CE-117BD69E9ACC}.Debug|Any CPU.Build.0 = Debug|Any CPU
		{CCB76650-F01E-493C-84CE-117BD69E9ACC}.Release|Any CPU.ActiveCfg = Release|Any CPU
		{CCB76650-F01E-493C-84CE-117BD69E9ACC}.Release|Any CPU.Build.0 = Release|Any CPU
		{FD0D26E0-FB21-44CA-9629-1BFDC856BD90}.Debug|Any CPU.ActiveCfg = Debug|Any CPU
		{FD0D26E0-FB21-44CA-9629-1BFDC856BD90}.Debug|Any CPU.Build.0 = Debug|Any CPU
		{FD0D26E0-FB21-44CA-9629-1BFDC856BD90}.Release|Any CPU.ActiveCfg = Release|Any CPU
		{FD0D26E0-FB21-44CA-9629-1BFDC856BD90}.Release|Any CPU.Build.0 = Release|Any CPU
		{997138CC-0C61-4D7D-A4DA-A1054AD0341B}.Debug|Any CPU.ActiveCfg = Debug|Any CPU
		{997138CC-0C61-4D7D-A4DA-A1054AD0341B}.Debug|Any CPU.Build.0 = Debug|Any CPU
		{997138CC-0C61-4D7D-A4DA-A1054AD0341B}.Release|Any CPU.ActiveCfg = Release|Any CPU
		{997138CC-0C61-4D7D-A4DA-A1054AD0341B}.Release|Any CPU.Build.0 = Release|Any CPU
		{39EB2E40-3B05-40CF-8F33-B45B967E6F7D}.Debug|Any CPU.ActiveCfg = Debug|Any CPU
		{39EB2E40-3B05-40CF-8F33-B45B967E6F7D}.Debug|Any CPU.Build.0 = Debug|Any CPU
		{39EB2E40-3B05-40CF-8F33-B45B967E6F7D}.Release|Any CPU.ActiveCfg = Release|Any CPU
		{39EB2E40-3B05-40CF-8F33-B45B967E6F7D}.Release|Any CPU.Build.0 = Release|Any CPU
		{479100A6-438D-4EAC-B833-CC7E6AF20ACF}.Debug|Any CPU.ActiveCfg = Debug|Any CPU
		{479100A6-438D-4EAC-B833-CC7E6AF20ACF}.Debug|Any CPU.Build.0 = Debug|Any CPU
		{479100A6-438D-4EAC-B833-CC7E6AF20ACF}.Release|Any CPU.ActiveCfg = Release|Any CPU
		{479100A6-438D-4EAC-B833-CC7E6AF20ACF}.Release|Any CPU.Build.0 = Release|Any CPU
		{3B9F7119-CF49-444B-990D-E25C0D3FCD7F}.Debug|Any CPU.ActiveCfg = Debug|Any CPU
		{3B9F7119-CF49-444B-990D-E25C0D3FCD7F}.Debug|Any CPU.Build.0 = Debug|Any CPU
		{3B9F7119-CF49-444B-990D-E25C0D3FCD7F}.Release|Any CPU.ActiveCfg = Release|Any CPU
		{3B9F7119-CF49-444B-990D-E25C0D3FCD7F}.Release|Any CPU.Build.0 = Release|Any CPU
		{7BFFCF0E-28C9-4F7B-B020-A71A9193DA2A}.Debug|Any CPU.ActiveCfg = Debug|Any CPU
		{7BFFCF0E-28C9-4F7B-B020-A71A9193DA2A}.Debug|Any CPU.Build.0 = Debug|Any CPU
		{7BFFCF0E-28C9-4F7B-B020-A71A9193DA2A}.Release|Any CPU.ActiveCfg = Release|Any CPU
		{7BFFCF0E-28C9-4F7B-B020-A71A9193DA2A}.Release|Any CPU.Build.0 = Release|Any CPU
		{438B65A3-9203-4C28-A907-C690D6193D6E}.Debug|Any CPU.ActiveCfg = Debug|Any CPU
		{438B65A3-9203-4C28-A907-C690D6193D6E}.Debug|Any CPU.Build.0 = Debug|Any CPU
		{438B65A3-9203-4C28-A907-C690D6193D6E}.Release|Any CPU.ActiveCfg = Release|Any CPU
		{438B65A3-9203-4C28-A907-C690D6193D6E}.Release|Any CPU.Build.0 = Release|Any CPU
		{07E2B454-265A-4C0D-9251-A51C5A65E104}.Debug|Any CPU.ActiveCfg = Debug|Any CPU
		{07E2B454-265A-4C0D-9251-A51C5A65E104}.Debug|Any CPU.Build.0 = Debug|Any CPU
		{07E2B454-265A-4C0D-9251-A51C5A65E104}.Release|Any CPU.ActiveCfg = Release|Any CPU
		{07E2B454-265A-4C0D-9251-A51C5A65E104}.Release|Any CPU.Build.0 = Release|Any CPU
	EndGlobalSection
	GlobalSection(SolutionProperties) = preSolution
		HideSolutionNode = FALSE
	EndGlobalSection
	GlobalSection(ExtensibilityGlobals) = postSolution
		SolutionGuid = {4F21238F-4037-4014-BD7F-E2A1A638CD18}
	EndGlobalSection
EndGlobal
