
Microsoft Visual Studio Solution File, Format Version 12.00
# Visual Studio 15
VisualStudioVersion = 15.0.27130.2020
MinimumVisualStudioVersion = 10.0.40219.1
Project("{FAE04EC0-301F-11D3-BF4B-00C04F79EFBC}") = "HelloMVC", "HelloMVC\HelloMVC.csproj", "{13FFAE8D-27A6-407C-ACDD-95FBFE1368C5}"
EndProject
Global
	GlobalSection(SolutionConfigurationPlatforms) = preSolution
		Debug|Any CPU = Debug|Any CPU
		Release|Any CPU = Release|Any CPU
	EndGlobalSection
	GlobalSection(ProjectConfigurationPlatforms) = postSolution
		{13FFAE8D-27A6-407C-ACDD-95FBFE1368C5}.Debug|Any CPU.ActiveCfg = Debug|Any CPU
		{13FFAE8D-27A6-407C-ACDD-95FBFE1368C5}.Debug|Any CPU.Build.0 = Debug|Any CPU
		{13FFAE8D-27A6-407C-ACDD-95FBFE1368C5}.Release|Any CPU.ActiveCfg = Release|Any CPU
		{13FFAE8D-27A6-407C-ACDD-95FBFE1368C5}.Release|Any CPU.Build.0 = Release|Any CPU
	EndGlobalSection
	GlobalSection(SolutionProperties) = preSolution
		HideSolutionNode = FALSE
	EndGlobalSection
	GlobalSection(ExtensibilityGlobals) = postSolution
		SolutionGuid = {30717540-0CE8-4257-930B-A3FAB1F11285}
	EndGlobalSection
EndGlobal
